{
  "version": 4,
  "terraform_version": "1.4.6",
  "serial": 15,
  "lineage": "2389fe57-cd52-4308-648d-420e6a766072",
  "outputs": {},
  "resources": [
    {
      "mode": "managed",
      "type": "azurerm_network_interface",
      "name": "azure-resource",
      "provider": "provider[\"registry.terraform.io/hashicorp/azurerm\"]",
      "instances": [
        {
          "schema_version": 0,
          "attributes": {
            "applied_dns_servers": [],
            "dns_servers": [],
            "edge_zone": "",
            "enable_accelerated_networking": false,
            "enable_ip_forwarding": false,
            "id": "/subscriptions/f8368c46-055d-4b25-b4d4-7410f92cb8bc/resourceGroups/azure-resource/providers/Microsoft.Network/networkInterfaces/web-network-interface",
            "internal_dns_name_label": "",
            "internal_domain_name_suffix": "di3bymdgfd1ehk2pupxw2mb33b.wawx.internal.cloudapp.net",
            "ip_configuration": [
              {
                "gateway_load_balancer_frontend_ip_configuration_id": "",
                "name": "web-ip-configuration",
                "primary": true,
                "private_ip_address": "10.0.1.4",
                "private_ip_address_allocation": "Dynamic",
                "private_ip_address_version": "IPv4",
                "public_ip_address_id": "/subscriptions/f8368c46-055d-4b25-b4d4-7410f92cb8bc/resourceGroups/azure-resource/providers/Microsoft.Network/publicIPAddresses/web-public-ip",
                "subnet_id": "/subscriptions/f8368c46-055d-4b25-b4d4-7410f92cb8bc/resourceGroups/azure-resource/providers/Microsoft.Network/virtualNetworks/web-network/subnets/web-subnet"
              }
            ],
            "location": "polandcentral",
            "mac_address": "60-45-BD-F9-45-DE",
            "name": "web-network-interface",
            "private_ip_address": "10.0.1.4",
            "private_ip_addresses": [
              "10.0.1.4"
            ],
            "resource_group_name": "azure-resource",
            "tags": {},
            "timeouts": null,
            "virtual_machine_id": "/subscriptions/f8368c46-055d-4b25-b4d4-7410f92cb8bc/resourceGroups/azure-resource/providers/Microsoft.Compute/virtualMachines/web-virtual-machine"
          },
          "sensitive_attributes": [],
          "private": "eyJlMmJmYjczMC1lY2FhLTExZTYtOGY4OC0zNDM2M2JjN2M0YzAiOnsiY3JlYXRlIjoxODAwMDAwMDAwMDAwLCJkZWxldGUiOjE4MDAwMDAwMDAwMDAsInJlYWQiOjMwMDAwMDAwMDAwMCwidXBkYXRlIjoxODAwMDAwMDAwMDAwfX0=",
          "dependencies": [
            "azurerm_public_ip.azure-resource",
            "azurerm_resource_group.web",
            "azurerm_subnet.azure-resource",
            "azurerm_virtual_network.web"
          ]
        }
      ]
    },
    {
      "mode": "managed",
      "type": "azurerm_public_ip",
      "name": "azure-resource",
      "provider": "provider[\"registry.terraform.io/hashicorp/azurerm\"]",
      "instances": [
        {
          "schema_version": 0,
          "attributes": {
            "allocation_method": "Dynamic",
            "domain_name_label": null,
            "edge_zone": "",
            "fqdn": null,
            "id": "/subscriptions/f8368c46-055d-4b25-b4d4-7410f92cb8bc/resourceGroups/azure-resource/providers/Microsoft.Network/publicIPAddresses/web-public-ip",
            "idle_timeout_in_minutes": 4,
            "ip_address": "20.215.208.230",
            "ip_tags": {},
            "ip_version": "IPv4",
            "location": "polandcentral",
            "name": "web-public-ip",
            "public_ip_prefix_id": null,
            "resource_group_name": "azure-resource",
            "reverse_fqdn": null,
            "sku": "Basic",
            "sku_tier": "Regional",
            "tags": {},
            "timeouts": null,
            "zones": []
          },
          "sensitive_attributes": [],
          "private": "eyJlMmJmYjczMC1lY2FhLTExZTYtOGY4OC0zNDM2M2JjN2M0YzAiOnsiY3JlYXRlIjoxODAwMDAwMDAwMDAwLCJkZWxldGUiOjE4MDAwMDAwMDAwMDAsInJlYWQiOjMwMDAwMDAwMDAwMCwidXBkYXRlIjoxODAwMDAwMDAwMDAwfX0=",
          "dependencies": [
            "azurerm_resource_group.web"
          ]
        }
      ]
    },
    {
      "mode": "managed",
      "type": "azurerm_resource_group",
      "name": "web",
      "provider": "provider[\"registry.terraform.io/hashicorp/azurerm\"]",
      "instances": [
        {
          "schema_version": 0,
          "attributes": {
            "id": "/subscriptions/f8368c46-055d-4b25-b4d4-7410f92cb8bc/resourceGroups/azure-resource",
            "location": "polandcentral",
            "name": "azure-resource",
            "tags": {},
            "timeouts": {
              "create": null,
              "delete": null,
              "read": null,
              "update": null
            }
          },
          "sensitive_attributes": [],
          "private": "eyJlMmJmYjczMC1lY2FhLTExZTYtOGY4OC0zNDM2M2JjN2M0YzAiOnsiY3JlYXRlIjo1NDAwMDAwMDAwMDAwLCJkZWxldGUiOjU0MDAwMDAwMDAwMDAsInJlYWQiOjMwMDAwMDAwMDAwMCwidXBkYXRlIjo1NDAwMDAwMDAwMDAwfSwic2NoZW1hX3ZlcnNpb24iOiIwIn0="
        }
      ]
    },
    {
      "mode": "managed",
      "type": "azurerm_subnet",
      "name": "azure-resource",
      "provider": "provider[\"registry.terraform.io/hashicorp/azurerm\"]",
      "instances": [
        {
          "schema_version": 0,
          "attributes": {
            "address_prefixes": [
              "10.0.1.0/24"
            ],
            "delegation": [],
            "enforce_private_link_endpoint_network_policies": false,
            "enforce_private_link_service_network_policies": false,
            "id": "/subscriptions/f8368c46-055d-4b25-b4d4-7410f92cb8bc/resourceGroups/azure-resource/providers/Microsoft.Network/virtualNetworks/web-network/subnets/web-subnet",
            "name": "web-subnet",
            "resource_group_name": "azure-resource",
            "service_endpoint_policy_ids": [],
            "service_endpoints": [],
            "timeouts": null,
            "virtual_network_name": "web-network"
          },
          "sensitive_attributes": [],
          "private": "eyJlMmJmYjczMC1lY2FhLTExZTYtOGY4OC0zNDM2M2JjN2M0YzAiOnsiY3JlYXRlIjoxODAwMDAwMDAwMDAwLCJkZWxldGUiOjE4MDAwMDAwMDAwMDAsInJlYWQiOjMwMDAwMDAwMDAwMCwidXBkYXRlIjoxODAwMDAwMDAwMDAwfX0=",
          "dependencies": [
            "azurerm_resource_group.web",
            "azurerm_virtual_network.web"
          ]
        }
      ]
    },
    {
      "mode": "managed",
      "type": "azurerm_virtual_machine",
      "name": "azure-resource",
      "provider": "provider[\"registry.terraform.io/hashicorp/azurerm\"]",
      "instances": [
        {
          "schema_version": 0,
          "attributes": {
            "additional_capabilities": [],
            "availability_set_id": null,
            "boot_diagnostics": [],
            "delete_data_disks_on_termination": false,
            "delete_os_disk_on_termination": false,
            "id": "/subscriptions/f8368c46-055d-4b25-b4d4-7410f92cb8bc/resourceGroups/azure-resource/providers/Microsoft.Compute/virtualMachines/web-virtual-machine",
            "identity": [],
            "license_type": null,
            "location": "polandcentral",
            "name": "web-virtual-machine",
            "network_interface_ids": [
              "/subscriptions/f8368c46-055d-4b25-b4d4-7410f92cb8bc/resourceGroups/azure-resource/providers/Microsoft.Network/networkInterfaces/web-network-interface"
            ],
            "os_profile": [
              {
                "admin_password": "",
                "admin_username": "organic",
                "computer_name": "web",
                "custom_data": ""
              }
            ],
            "os_profile_linux_config": [
              {
                "disable_password_authentication": true,
                "ssh_keys": [
                  {
                    "key_data": "ssh-rsa AAAAB3NzaC1yc2EAAAADAQABAAABgQCb7T6hz3sH+wynfqhiTo8D3FzW0UR+aBpQna8u72b/vX4T0PV6Aii0/r4YlNGCf+l8wECs1kn2Z+OxsBHL2t5RS8H5l6YXNPDg5ciurwp4JlKbstxA90DMF8JKG7pbiNYpoqbIOP944rWzHeUNYTREdqWy8ghjPb7AKh+cDQPRGrgRUkoAg/Oy3fOI45WkT5hHoUARLEDEcYWto3ImSgts7OaJm8FmkZWKnoxGp5SqKeiIdvOGDEvJEJzK+fmRFYaytbNDesYZaVGhcnc30xl33OzyCp4OU738mKCea0KY0Vcos/tJjG+I8yT6n3KQl4KyETGY3T8wmmYJfejBJioMOqaCRuG6X4Rn5/SMdQ7fOECkvRzMrb8BbxzJYLUHKWb+Vk8WW5AWorbXdyrvV5yYTySthhhsuaj12fLp+SFTqbP8A5+xe2ijAcrgWi8VLhrx7aU/Wq2XTNJEm4lOq3W9OEIL5ncqfcYZOlb2MQa3c7axBcDF3JWs+irmk3ymi1E=",
                    "path": "/home/organic/.ssh/authorized_keys"
                  }
                ]
              }
            ],
            "os_profile_secrets": [],
            "os_profile_windows_config": [],
            "plan": [],
            "primary_network_interface_id": null,
            "proximity_placement_group_id": null,
            "resource_group_name": "azure-resource",
            "storage_data_disk": [
              {
                "caching": "None",
                "create_option": "Empty",
                "disk_size_gb": 100,
                "lun": 0,
                "managed_disk_id": "/subscriptions/f8368c46-055d-4b25-b4d4-7410f92cb8bc/resourceGroups/azure-resource/providers/Microsoft.Compute/disks/web-data-disk",
                "managed_disk_type": "Premium_LRS",
                "name": "web-data-disk",
                "vhd_uri": "",
                "write_accelerator_enabled": false
              }
            ],
            "storage_image_reference": [
              {
                "id": "",
                "offer": "0001-com-ubuntu-server-jammy",
                "publisher": "Canonical",
                "sku": "22_04-lts-gen2",
                "version": "latest"
              }
            ],
            "storage_os_disk": [
              {
                "caching": "ReadWrite",
                "create_option": "FromImage",
                "disk_size_gb": 30,
                "image_uri": "",
                "managed_disk_id": "/subscriptions/f8368c46-055d-4b25-b4d4-7410f92cb8bc/resourceGroups/azure-resource/providers/Microsoft.Compute/disks/web-os-disk",
                "managed_disk_type": "Premium_LRS",
                "name": "web-os-disk",
                "os_type": "Linux",
                "vhd_uri": "",
                "write_accelerator_enabled": false
              }
            ],
            "tags": {},
            "timeouts": null,
            "vm_size": "Standard_DS3_v2",
            "zones": []
          },
          "sensitive_attributes": [],
          "private": "eyJlMmJmYjczMC1lY2FhLTExZTYtOGY4OC0zNDM2M2JjN2M0YzAiOnsiY3JlYXRlIjozNjAwMDAwMDAwMDAwLCJkZWxldGUiOjM2MDAwMDAwMDAwMDAsInJlYWQiOjMwMDAwMDAwMDAwMCwidXBkYXRlIjozNjAwMDAwMDAwMDAwfX0=",
          "dependencies": [
            "azurerm_network_interface.azure-resource",
            "azurerm_resource_group.web"
          ]
        }
      ]
    },
    {
      "mode": "managed",
      "type": "azurerm_virtual_network",
      "name": "web",
      "provider": "provider[\"registry.terraform.io/hashicorp/azurerm\"]",
      "instances": [
        {
          "schema_version": 0,
          "attributes": {
            "address_space": [
              "10.0.0.0/16"
            ],
            "bgp_community": "",
            "ddos_protection_plan": [],
            "dns_servers": [],
            "edge_zone": "",
            "flow_timeout_in_minutes": 0,
            "guid": "301c3a1a-2866-43f6-ab8f-a3ef6e303de9",
            "id": "/subscriptions/f8368c46-055d-4b25-b4d4-7410f92cb8bc/resourceGroups/azure-resource/providers/Microsoft.Network/virtualNetworks/web-network",
            "location": "polandcentral",
            "name": "web-network",
            "resource_group_name": "azure-resource",
            "subnet": [
              {
                "address_prefix": "10.0.1.0/24",
                "id": "/subscriptions/f8368c46-055d-4b25-b4d4-7410f92cb8bc/resourceGroups/azure-resource/providers/Microsoft.Network/virtualNetworks/web-network/subnets/web-subnet",
                "name": "web-subnet",
                "security_group": ""
              }
            ],
            "tags": {},
            "timeouts": null
          },
          "sensitive_attributes": [],
          "private": "eyJlMmJmYjczMC1lY2FhLTExZTYtOGY4OC0zNDM2M2JjN2M0YzAiOnsiY3JlYXRlIjoxODAwMDAwMDAwMDAwLCJkZWxldGUiOjE4MDAwMDAwMDAwMDAsInJlYWQiOjMwMDAwMDAwMDAwMCwidXBkYXRlIjoxODAwMDAwMDAwMDAwfX0=",
          "dependencies": [
            "azurerm_resource_group.web"
          ]
        }
      ]
    }
  ],
  "check_results": null
}
